{
  "name": "@kaaloo/letta-review-scripts",
  "lockfileVersion": 3,
  "requires": true,
  "packages": {
    "": {
      "name": "@kaaloo/letta-review-scripts",
      "dependencies": {
        "@letta-ai/letta-client": "1.12.1"
      }
    },
    "node_modules/@letta-ai/letta-client": {
      "version": "1.12.1",
      "resolved": "https://registry.npmjs.org/@letta-ai/letta-client/-/letta-client-1.12.1.tgz",
      "integrity": "sha512-rYjXMXpkfssj7VBBX3qCp6mdpNRv6YPNrliYsjkhWoQDqGg3J9bsgIQ28ZhQTddabYxRUIwcdzuaizFx8pvZ7A==",
      "license": "Apache-2.0"
    }
  }
}
